
Microsoft Visual Studio Solution File, Format Version 12.00
Project("{FAE04EC0-301F-11D3-BF4B-00C04F79EFBC}") = "SqlDataAnonymizer.Domain", "SqlDataAnonymizer.Domain\SqlDataAnonymizer.Domain.csproj", "{1AA43A85-E22B-4839-B4A5-9665CC93B05B}"
EndProject
Project("{FAE04EC0-301F-11D3-BF4B-00C04F79EFBC}") = "SqlDataAnonymizer.Infrastructure", "SqlDataAnonymizer.Infrastructure\SqlDataAnonymizer.Infrastructure.csproj", "{CE92DE4B-03B1-47B3-B088-6B45E07106E9}"
EndProject
Project("{FAE04EC0-301F-11D3-BF4B-00C04F79EFBC}") = "SqlDataAnonymizer.Application", "SqlDataAnonymizer.Application\SqlDataAnonymizer.Application.csproj", "{D8418CD4-21CE-4D69-A3B6-74E2E68F15D6}"
EndProject
Project("{FAE04EC0-301F-11D3-BF4B-00C04F79EFBC}") = "SqlDataAnonymizer.Api", "SqlDataAnonymizer.Api\SqlDataAnonymizer.Api.csproj", "{58E87493-11C0-4F30-B27C-3F37AB2D1145}"
EndProject
Global
	GlobalSection(SolutionConfigurationPlatforms) = preSolution
		Debug|Any CPU = Debug|Any CPU
		Release|Any CPU = Release|Any CPU
	EndGlobalSection
	GlobalSection(ProjectConfigurationPlatforms) = postSolution
		{1AA43A85-E22B-4839-B4A5-9665CC93B05B}.Debug|Any CPU.ActiveCfg = Debug|Any CPU
		{1AA43A85-E22B-4839-B4A5-9665CC93B05B}.Debug|Any CPU.Build.0 = Debug|Any CPU
		{1AA43A85-E22B-4839-B4A5-9665CC93B05B}.Release|Any CPU.ActiveCfg = Release|Any CPU
		{1AA43A85-E22B-4839-B4A5-9665CC93B05B}.Release|Any CPU.Build.0 = Release|Any CPU
		{CE92DE4B-03B1-47B3-B088-6B45E07106E9}.Debug|Any CPU.ActiveCfg = Debug|Any CPU
		{CE92DE4B-03B1-47B3-B088-6B45E07106E9}.Debug|Any CPU.Build.0 = Debug|Any CPU
		{CE92DE4B-03B1-47B3-B088-6B45E07106E9}.Release|Any CPU.ActiveCfg = Release|Any CPU
		{CE92DE4B-03B1-47B3-B088-6B45E07106E9}.Release|Any CPU.Build.0 = Release|Any CPU
		{D8418CD4-21CE-4D69-A3B6-74E2E68F15D6}.Debug|Any CPU.ActiveCfg = Debug|Any CPU
		{D8418CD4-21CE-4D69-A3B6-74E2E68F15D6}.Debug|Any CPU.Build.0 = Debug|Any CPU
		{D8418CD4-21CE-4D69-A3B6-74E2E68F15D6}.Release|Any CPU.ActiveCfg = Release|Any CPU
		{D8418CD4-21CE-4D69-A3B6-74E2E68F15D6}.Release|Any CPU.Build.0 = Release|Any CPU
		{58E87493-11C0-4F30-B27C-3F37AB2D1145}.Debug|Any CPU.ActiveCfg = Debug|Any CPU
		{58E87493-11C0-4F30-B27C-3F37AB2D1145}.Debug|Any CPU.Build.0 = Debug|Any CPU
		{58E87493-11C0-4F30-B27C-3F37AB2D1145}.Release|Any CPU.ActiveCfg = Release|Any CPU
		{58E87493-11C0-4F30-B27C-3F37AB2D1145}.Release|Any CPU.Build.0 = Release|Any CPU
	EndGlobalSection
EndGlobal
